
Microsoft Visual Studio Solution File, Format Version 12.00
# Visual Studio 2013
VisualStudioVersion = 12.0.21005.1
MinimumVisualStudioVersion = 10.0.40219.1
Project("{FAE04EC0-301F-11D3-BF4B-00C04F79EFBC}") = "MailAdsApp.DAL", "MailAdsApp.DAL\MailAdsApp.DAL.csproj", "{9929CD36-CF16-44F3-82AA-22FCA2D89827}"
EndProject
Project("{FAE04EC0-301F-11D3-BF4B-00C04F79EFBC}") = "MailAdsApp.BLL", "MailAdsApp.BLL\MailAdsApp.BLL.csproj", "{20DBCCBB-D711-4AB6-8B7A-888D6CC7D1C1}"
EndProject
Project("{FAE04EC0-301F-11D3-BF4B-00C04F79EFBC}") = "MailAdsApp.WEB", "MailAdsApp.WEB\MailAdsApp.WEB.csproj", "{B9245DDE-2870-4B6E-8053-D5BE51ECEFD6}"
EndProject
Global
	GlobalSection(SolutionConfigurationPlatforms) = preSolution
		Debug|Any CPU = Debug|Any CPU
		Release|Any CPU = Release|Any CPU
	EndGlobalSection
	GlobalSection(ProjectConfigurationPlatforms) = postSolution
		{9929CD36-CF16-44F3-82AA-22FCA2D89827}.Debug|Any CPU.ActiveCfg = Debug|Any CPU
		{9929CD36-CF16-44F3-82AA-22FCA2D89827}.Debug|Any CPU.Build.0 = Debug|Any CPU
		{9929CD36-CF16-44F3-82AA-22FCA2D89827}.Release|Any CPU.ActiveCfg = Release|Any CPU
		{9929CD36-CF16-44F3-82AA-22FCA2D89827}.Release|Any CPU.Build.0 = Release|Any CPU
		{20DBCCBB-D711-4AB6-8B7A-888D6CC7D1C1}.Debug|Any CPU.ActiveCfg = Debug|Any CPU
		{20DBCCBB-D711-4AB6-8B7A-888D6CC7D1C1}.Debug|Any CPU.Build.0 = Debug|Any CPU
		{20DBCCBB-D711-4AB6-8B7A-888D6CC7D1C1}.Release|Any CPU.ActiveCfg = Release|Any CPU
		{20DBCCBB-D711-4AB6-8B7A-888D6CC7D1C1}.Release|Any CPU.Build.0 = Release|Any CPU
		{B9245DDE-2870-4B6E-8053-D5BE51ECEFD6}.Debug|Any CPU.ActiveCfg = Debug|Any CPU
		{B9245DDE-2870-4B6E-8053-D5BE51ECEFD6}.Debug|Any CPU.Build.0 = Debug|Any CPU
		{B9245DDE-2870-4B6E-8053-D5BE51ECEFD6}.Release|Any CPU.ActiveCfg = Release|Any CPU
		{B9245DDE-2870-4B6E-8053-D5BE51ECEFD6}.Release|Any CPU.Build.0 = Release|Any CPU
	EndGlobalSection
	GlobalSection(SolutionProperties) = preSolution
		HideSolutionNode = FALSE
	EndGlobalSection
EndGlobal
